
Microsoft Visual Studio Solution File, Format Version 12.00
# Visual Studio Version 17
VisualStudioVersion = 17.9.34622.214
MinimumVisualStudioVersion = 10.0.40219.1
Project("{FAE04EC0-301F-11D3-BF4B-00C04F79EFBC}") = "DbCv1", "DbCv1\DbCv1.csproj", "{C4EAA0A7-0EEB-4D91-A3B5-E56428683EE9}"
EndProject
Global
	GlobalSection(SolutionConfigurationPlatforms) = preSolution
		Debug|Any CPU = Debug|Any CPU
		Release|Any CPU = Release|Any CPU
	EndGlobalSection
	GlobalSection(ProjectConfigurationPlatforms) = postSolution
		{C4EAA0A7-0EEB-4D91-A3B5-E56428683EE9}.Debug|Any CPU.ActiveCfg = Debug|Any CPU
		{C4EAA0A7-0EEB-4D91-A3B5-E56428683EE9}.Debug|Any CPU.Build.0 = Debug|Any CPU
		{C4EAA0A7-0EEB-4D91-A3B5-E56428683EE9}.Release|Any CPU.ActiveCfg = Release|Any CPU
		{C4EAA0A7-0EEB-4D91-A3B5-E56428683EE9}.Release|Any CPU.Build.0 = Release|Any CPU
	EndGlobalSection
	GlobalSection(SolutionProperties) = preSolution
		HideSolutionNode = FALSE
	EndGlobalSection
	GlobalSection(ExtensibilityGlobals) = postSolution
		SolutionGuid = {0AF0BF76-4051-4E34-9CE7-8BBF517DC592}
	EndGlobalSection
EndGlobal
